
Microsoft Visual Studio Solution File, Format Version 12.00
# Visual Studio Version 17
VisualStudioVersion = 17.3.32804.467
MinimumVisualStudioVersion = 10.0.40219.1
Project("{F184B08F-C81C-45F6-A57F-5ABD9991F28F}") = "mat", "mat\mat.vbproj", "{B26B81DF-6C09-490A-8D6E-9C4857B1F7CB}"
EndProject
Global
	GlobalSection(SolutionConfigurationPlatforms) = preSolution
		Debug|Any CPU = Debug|Any CPU
		Release|Any CPU = Release|Any CPU
	EndGlobalSection
	GlobalSection(ProjectConfigurationPlatforms) = postSolution
		{B26B81DF-6C09-490A-8D6E-9C4857B1F7CB}.Debug|Any CPU.ActiveCfg = Debug|Any CPU
		{B26B81DF-6C09-490A-8D6E-9C4857B1F7CB}.Debug|Any CPU.Build.0 = Debug|Any CPU
		{B26B81DF-6C09-490A-8D6E-9C4857B1F7CB}.Release|Any CPU.ActiveCfg = Release|Any CPU
		{B26B81DF-6C09-490A-8D6E-9C4857B1F7CB}.Release|Any CPU.Build.0 = Release|Any CPU
	EndGlobalSection
	GlobalSection(SolutionProperties) = preSolution
		HideSolutionNode = FALSE
	EndGlobalSection
	GlobalSection(ExtensibilityGlobals) = postSolution
		SolutionGuid = {F81A644B-C9E4-42D7-A999-E5C47C527F7D}
	EndGlobalSection
EndGlobal
